{
  "version": 4,
  "terraform_version": "0.14.10",
  "serial": 2,
  "lineage": "9529dba4-ed6d-1d83-2371-d231fb09658b",
  "outputs": {},
  "resources": [
    {
      "mode": "managed",
      "type": "aws_vpc",
      "name": "lolaVPC",
      "provider": "provider[\"registry.terraform.io/hashicorp/aws\"]",
      "instances": [
        {
          "schema_version": 1,
          "attributes": {
            "arn": "arn:aws:ec2:eu-central-1:936026591534:vpc/vpc-064f375f1803f7591",
            "assign_generated_ipv6_cidr_block": false,
            "cidr_block": "10.0.0.0/16",
            "default_network_acl_id": "acl-005078f407255c1fb",
            "default_route_table_id": "rtb-0fac64b9da07fdab1",
            "default_security_group_id": "sg-0a6be5cc9bcad3afd",
            "dhcp_options_id": "dopt-008bcc68",
            "enable_classiclink": null,
            "enable_classiclink_dns_support": null,
            "enable_dns_hostnames": false,
            "enable_dns_support": true,
            "id": "vpc-064f375f1803f7591",
            "instance_tenancy": "default",
            "ipv6_association_id": "",
            "ipv6_cidr_block": "",
            "main_route_table_id": "rtb-0fac64b9da07fdab1",
            "owner_id": "936026591534",
            "tags": {},
            "tags_all": {}
          },
          "sensitive_attributes": [],
          "private": "eyJzY2hlbWFfdmVyc2lvbiI6IjEifQ=="
        }
      ]
    }
  ]
}
