{
  "version": 4,
  "terraform_version": "0.14.10",
  "serial": 8,
  "lineage": "d6a95447-e510-6044-7a88-5db496893efd",
  "outputs": {},
  "resources": [
    {
      "mode": "managed",
      "type": "aws_eip",
      "name": "lola-vpc2",
      "provider": "provider[\"registry.terraform.io/hashicorp/aws\"]",
      "instances": [
        {
          "schema_version": 0,
          "attributes": {
            "allocation_id": null,
            "associate_with_private_ip": null,
            "association_id": "",
            "carrier_ip": "",
            "customer_owned_ip": "",
            "customer_owned_ipv4_pool": "",
            "domain": "vpc",
            "id": "eipalloc-8cea87b5",
            "instance": "",
            "network_border_group": "eu-central-1",
            "network_interface": "",
            "private_dns": null,
            "private_ip": "",
            "public_dns": "ec2-3-66-141-48.eu-central-1.compute.amazonaws.com",
            "public_ip": "3.66.141.48",
            "public_ipv4_pool": "amazon",
            "tags": null,
            "timeouts": null,
            "vpc": true
          },
          "sensitive_attributes": [],
          "private": "eyJlMmJmYjczMC1lY2FhLTExZTYtOGY4OC0zNDM2M2JjN2M0YzAiOnsiZGVsZXRlIjoxODAwMDAwMDAwMDAsInJlYWQiOjkwMDAwMDAwMDAwMCwidXBkYXRlIjozMDAwMDAwMDAwMDB9fQ=="
        }
      ]
    },
    {
      "mode": "managed",
      "type": "aws_internet_gateway",
      "name": "lola-vpc2",
      "provider": "provider[\"registry.terraform.io/hashicorp/aws\"]",
      "instances": [
        {
          "schema_version": 0,
          "attributes": {
            "arn": "arn:aws:ec2:eu-central-1:936026591534:internet-gateway/igw-013874130df76e022",
            "id": "igw-013874130df76e022",
            "owner_id": "936026591534",
            "tags": null,
            "vpc_id": "vpc-073b2c98473ba0108"
          },
          "sensitive_attributes": [],
          "private": "bnVsbA==",
          "dependencies": [
            "aws_vpc.lola-vpc2"
          ]
        }
      ]
    },
    {
      "mode": "managed",
      "type": "aws_nat_gateway",
      "name": "lola-vpc2",
      "provider": "provider[\"registry.terraform.io/hashicorp/aws\"]",
      "instances": [
        {
          "schema_version": 0,
          "attributes": {
            "allocation_id": "eipalloc-8cea87b5",
            "id": "nat-025bfa8824d15066e",
            "network_interface_id": "eni-0abb50d252c541261",
            "private_ip": "10.10.1.19",
            "public_ip": "3.66.141.48",
            "subnet_id": "subnet-0170f0a7e4a8a2848",
            "tags": null
          },
          "sensitive_attributes": [],
          "private": "bnVsbA==",
          "dependencies": [
            "aws_eip.lola-vpc2",
            "aws_internet_gateway.lola-vpc2",
            "aws_subnet.lola-vpc2-subnet-01",
            "aws_vpc.lola-vpc2"
          ]
        }
      ]
    },
    {
      "mode": "managed",
      "type": "aws_route_table",
      "name": "lola-vpc2",
      "provider": "provider[\"registry.terraform.io/hashicorp/aws\"]",
      "instances": [
        {
          "schema_version": 0,
          "attributes": {
            "arn": "arn:aws:ec2:eu-central-1:936026591534:route-table/rtb-0f229ab24d84d141e",
            "id": "rtb-0f229ab24d84d141e",
            "owner_id": "936026591534",
            "propagating_vgws": [],
            "route": [
              {
                "carrier_gateway_id": "",
                "cidr_block": "0.0.0.0/0",
                "destination_prefix_list_id": "",
                "egress_only_gateway_id": "",
                "gateway_id": "igw-013874130df76e022",
                "instance_id": "",
                "ipv6_cidr_block": "",
                "local_gateway_id": "",
                "nat_gateway_id": "",
                "network_interface_id": "",
                "transit_gateway_id": "",
                "vpc_endpoint_id": "",
                "vpc_peering_connection_id": ""
              }
            ],
            "tags": {
              "Description": "Route Table for public subnet lola-vpc2-subnet-01",
              "Environment": "day-01",
              "Name": "lola-vpc2"
            },
            "vpc_id": "vpc-073b2c98473ba0108"
          },
          "sensitive_attributes": [],
          "private": "bnVsbA==",
          "dependencies": [
            "aws_internet_gateway.lola-vpc2",
            "aws_vpc.lola-vpc2"
          ]
        }
      ]
    },
    {
      "mode": "managed",
      "type": "aws_route_table_association",
      "name": "lola-vpc2",
      "provider": "provider[\"registry.terraform.io/hashicorp/aws\"]",
      "instances": [
        {
          "schema_version": 0,
          "attributes": {
            "gateway_id": null,
            "id": "rtbassoc-0069af4a461df7746",
            "route_table_id": "rtb-0f229ab24d84d141e",
            "subnet_id": "subnet-0170f0a7e4a8a2848"
          },
          "sensitive_attributes": [],
          "private": "bnVsbA==",
          "dependencies": [
            "aws_internet_gateway.lola-vpc2",
            "aws_route_table.lola-vpc2",
            "aws_subnet.lola-vpc2-subnet-01",
            "aws_vpc.lola-vpc2"
          ]
        }
      ]
    },
    {
      "mode": "managed",
      "type": "aws_subnet",
      "name": "lola-vpc2-subnet-01",
      "provider": "provider[\"registry.terraform.io/hashicorp/aws\"]",
      "instances": [
        {
          "schema_version": 1,
          "attributes": {
            "arn": "arn:aws:ec2:eu-central-1:936026591534:subnet/subnet-0170f0a7e4a8a2848",
            "assign_ipv6_address_on_creation": false,
            "availability_zone": "eu-central-1a",
            "availability_zone_id": "euc1-az2",
            "cidr_block": "10.10.1.0/24",
            "customer_owned_ipv4_pool": "",
            "id": "subnet-0170f0a7e4a8a2848",
            "ipv6_cidr_block": "",
            "ipv6_cidr_block_association_id": "",
            "map_customer_owned_ip_on_launch": false,
            "map_public_ip_on_launch": false,
            "outpost_arn": "",
            "owner_id": "936026591534",
            "tags": {
              "Description": "Public subnet-01 for lola-vpc2 VPC",
              "Environment": "day-01",
              "Name": "lola-vpc2-subnet-01"
            },
            "tags_all": {
              "Description": "Public subnet-01 for lola-vpc2 VPC",
              "Environment": "day-01",
              "Name": "lola-vpc2-subnet-01"
            },
            "timeouts": null,
            "vpc_id": "vpc-073b2c98473ba0108"
          },
          "sensitive_attributes": [],
          "private": "eyJlMmJmYjczMC1lY2FhLTExZTYtOGY4OC0zNDM2M2JjN2M0YzAiOnsiY3JlYXRlIjo2MDAwMDAwMDAwMDAsImRlbGV0ZSI6MTIwMDAwMDAwMDAwMH0sInNjaGVtYV92ZXJzaW9uIjoiMSJ9",
          "dependencies": [
            "aws_vpc.lola-vpc2"
          ]
        }
      ]
    },
    {
      "mode": "managed",
      "type": "aws_vpc",
      "name": "lola-vpc2",
      "provider": "provider[\"registry.terraform.io/hashicorp/aws\"]",
      "instances": [
        {
          "schema_version": 1,
          "attributes": {
            "arn": "arn:aws:ec2:eu-central-1:936026591534:vpc/vpc-073b2c98473ba0108",
            "assign_generated_ipv6_cidr_block": false,
            "cidr_block": "10.10.0.0/16",
            "default_network_acl_id": "acl-0dc4e67300323d79f",
            "default_route_table_id": "rtb-0e06fc2167dbc1686",
            "default_security_group_id": "sg-0de09fca9f310fe4a",
            "dhcp_options_id": "dopt-008bcc68",
            "enable_classiclink": null,
            "enable_classiclink_dns_support": null,
            "enable_dns_hostnames": true,
            "enable_dns_support": true,
            "id": "vpc-073b2c98473ba0108",
            "instance_tenancy": "default",
            "ipv6_association_id": "",
            "ipv6_cidr_block": "",
            "main_route_table_id": "rtb-0e06fc2167dbc1686",
            "owner_id": "936026591534",
            "tags": {
              "Description": "Example public VPC",
              "Environment": "day-01",
              "Name": "lola-vpc2"
            },
            "tags_all": {
              "Description": "Example public VPC",
              "Environment": "day-01",
              "Name": "lola-vpc2"
            }
          },
          "sensitive_attributes": [],
          "private": "eyJzY2hlbWFfdmVyc2lvbiI6IjEifQ=="
        }
      ]
    }
  ]
}
