{
  "version": 4,
  "terraform_version": "0.14.10",
  "serial": 47,
  "lineage": "d7551257-b793-9076-805b-46b7a1c1fcd7",
  "outputs": {},
  "resources": [
    {
      "mode": "data",
      "type": "aws_ami",
      "name": "bionic",
      "provider": "provider[\"registry.terraform.io/hashicorp/aws\"]",
      "instances": [
        {
          "schema_version": 0,
          "attributes": {
            "architecture": "x86_64",
            "arn": "arn:aws:ec2:eu-central-1::image/ami-07a0e33d3c1c5fb82",
            "block_device_mappings": [
              {
                "device_name": "/dev/sda1",
                "ebs": {
                  "delete_on_termination": "true",
                  "encrypted": "false",
                  "iops": "0",
                  "snapshot_id": "snap-06adf221767e496e7",
                  "throughput": "0",
                  "volume_size": "8",
                  "volume_type": "gp2"
                },
                "no_device": "",
                "virtual_name": ""
              },
              {
                "device_name": "/dev/sdb",
                "ebs": {},
                "no_device": "",
                "virtual_name": "ephemeral0"
              },
              {
                "device_name": "/dev/sdc",
                "ebs": {},
                "no_device": "",
                "virtual_name": "ephemeral1"
              }
            ],
            "creation_date": "2021-03-26T12:33:48.000Z",
            "description": "Canonical, Ubuntu, 18.04 LTS, amd64 bionic image build on 2021-03-25",
            "ena_support": true,
            "executable_users": null,
            "filter": [
              {
                "name": "name",
                "values": [
                  "ubuntu/images/hvm-ssd/ubuntu-bionic-18.04-amd64-server-*"
                ]
              },
              {
                "name": "virtualization-type",
                "values": [
                  "hvm"
                ]
              }
            ],
            "hypervisor": "xen",
            "id": "ami-07a0e33d3c1c5fb82",
            "image_id": "ami-07a0e33d3c1c5fb82",
            "image_location": "099720109477/ubuntu/images/hvm-ssd/ubuntu-bionic-18.04-amd64-server-20210325",
            "image_owner_alias": null,
            "image_type": "machine",
            "kernel_id": null,
            "most_recent": true,
            "name": "ubuntu/images/hvm-ssd/ubuntu-bionic-18.04-amd64-server-20210325",
            "name_regex": null,
            "owner_id": "099720109477",
            "owners": [
              "099720109477"
            ],
            "platform": null,
            "platform_details": "Linux/UNIX",
            "product_codes": [],
            "public": true,
            "ramdisk_id": null,
            "root_device_name": "/dev/sda1",
            "root_device_type": "ebs",
            "root_snapshot_id": "snap-06adf221767e496e7",
            "sriov_net_support": "simple",
            "state": "available",
            "state_reason": {
              "code": "UNSET",
              "message": "UNSET"
            },
            "tags": {},
            "usage_operation": "RunInstances",
            "virtualization_type": "hvm"
          },
          "sensitive_attributes": []
        }
      ]
    },
    {
      "mode": "data",
      "type": "aws_route53_zone",
      "name": "terraform-training-de",
      "provider": "provider[\"registry.terraform.io/hashicorp/aws\"]",
      "instances": [
        {
          "schema_version": 0,
          "attributes": {
            "caller_reference": "terraform-20210412045606521700000001",
            "comment": "Managed by Terraform",
            "id": "Z10367802RB9S7FQ6V8JT",
            "linked_service_description": null,
            "linked_service_principal": null,
            "name": "terraform-training.de",
            "name_servers": [
              "ns-1740.awsdns-25.co.uk",
              "ns-212.awsdns-26.com",
              "ns-772.awsdns-32.net",
              "ns-1311.awsdns-35.org"
            ],
            "private_zone": false,
            "resource_record_set_count": 5,
            "tags": {},
            "vpc_id": null,
            "zone_id": "Z10367802RB9S7FQ6V8JT"
          },
          "sensitive_attributes": []
        }
      ]
    },
    {
      "mode": "managed",
      "type": "aws_key_pair",
      "name": "ttvk-01",
      "provider": "provider[\"registry.terraform.io/hashicorp/aws\"]",
      "instances": [
        {
          "schema_version": 1,
          "attributes": {
            "arn": "arn:aws:ec2:eu-central-1:936026591534:key-pair/ttvk-01",
            "fingerprint": "16:0d:3b:4d:99:48:2b:f9:dc:a6:22:1a:e9:6b:60:f1",
            "id": "ttvk-01",
            "key_name": "ttvk-01",
            "key_name_prefix": null,
            "key_pair_id": "key-0b0a2f2a52106a95f",
            "public_key": "ssh-rsa AAAAB3NzaC1yc2EAAAADAQABAAABAQC1dx/uNT1BEtdzw3xynpqpb5ZkdZnWGJimpjA60RLe4DjKpPUG0gSknAUo4wna+EqgyRPY5OB7d1tWJPjy7WDNX5je0RaCtjptRjJw4FsaNs1Qh7b18Ym9Av9AxYjW4ZbGSE6HOuB9dfNZXE+h8D3bMdr3UChlstf6W0W4ophptdyXlAzA7oeEiyjlKOqkarKGNR58hYSCVWlZGLdo15gw/gGoHcywuuKejTxg53qAhxKQ9/tAptIq/aPPiuCbeVcjaMtwGaXRZvQnwMXAaKmz8tXuXODOKcVYFn5F1YPfec54NudqlN2ZdFRi1Ly/yMZtc2YVB4lpTqEzxqD1Cdyf tt-veikko",
            "tags": {}
          },
          "sensitive_attributes": [],
          "private": "eyJzY2hlbWFfdmVyc2lvbiI6IjEifQ=="
        }
      ]
    },
    {
      "mode": "managed",
      "type": "aws_security_group",
      "name": "ttvk-01",
      "provider": "provider[\"registry.terraform.io/hashicorp/aws\"]",
      "instances": [
        {
          "schema_version": 1,
          "attributes": {
            "arn": "arn:aws:ec2:eu-central-1:936026591534:security-group/sg-0dfe4cf9defda886d",
            "description": "Allow basic access from external",
            "egress": [],
            "id": "sg-0dfe4cf9defda886d",
            "ingress": [],
            "name": "ttvk-01-external-access",
            "name_prefix": "",
            "owner_id": "936026591534",
            "revoke_rules_on_delete": false,
            "tags": {
              "Description": "Security Group ttvk-01 for external access",
              "Environment": "day-01",
              "Name": "ttvk-01-external-access"
            },
            "timeouts": null,
            "vpc_id": "vpc-9e603ff6"
          },
          "sensitive_attributes": [],
          "private": "eyJlMmJmYjczMC1lY2FhLTExZTYtOGY4OC0zNDM2M2JjN2M0YzAiOnsiY3JlYXRlIjo2MDAwMDAwMDAwMDAsImRlbGV0ZSI6OTAwMDAwMDAwMDAwfSwic2NoZW1hX3ZlcnNpb24iOiIxIn0="
        }
      ]
    },
    {
      "mode": "managed",
      "type": "aws_security_group",
      "name": "ttvk-webaccess",
      "provider": "provider[\"registry.terraform.io/hashicorp/aws\"]",
      "instances": [
        {
          "schema_version": 1,
          "attributes": {
            "arn": "arn:aws:ec2:eu-central-1:936026591534:security-group/sg-00bfafe7a2ea4a843",
            "description": "Allow web access from external",
            "egress": [],
            "id": "sg-00bfafe7a2ea4a843",
            "ingress": [],
            "name": "ttvk-webaccess",
            "name_prefix": "",
            "owner_id": "936026591534",
            "revoke_rules_on_delete": false,
            "tags": {
              "Description": "Security Group ttvk-01 for web access",
              "Environment": "day-01",
              "Name": "ttvk-01-webaccess"
            },
            "timeouts": null,
            "vpc_id": "vpc-9e603ff6"
          },
          "sensitive_attributes": [],
          "private": "eyJlMmJmYjczMC1lY2FhLTExZTYtOGY4OC0zNDM2M2JjN2M0YzAiOnsiY3JlYXRlIjo2MDAwMDAwMDAwMDAsImRlbGV0ZSI6OTAwMDAwMDAwMDAwfSwic2NoZW1hX3ZlcnNpb24iOiIxIn0="
        }
      ]
    }
  ]
}
