{
  "version": 4,
  "terraform_version": "0.14.10",
  "serial": 6,
  "lineage": "2544c890-d813-9ced-0340-98dde399098f",
  "outputs": {},
  "resources": [
    {
      "mode": "managed",
      "type": "aws_vpc",
      "name": "jf_vpc",
      "provider": "provider[\"registry.terraform.io/hashicorp/aws\"]",
      "instances": [
        {
          "schema_version": 1,
          "attributes": {
            "arn": "arn:aws:ec2:eu-central-1:936026591534:vpc/vpc-0649860cbbd02c12f",
            "assign_generated_ipv6_cidr_block": false,
            "cidr_block": "10.0.0.0/16",
            "default_network_acl_id": "acl-08b68a622522623de",
            "default_route_table_id": "rtb-0a336359a24c7002a",
            "default_security_group_id": "sg-049537a7ea64abc98",
            "dhcp_options_id": "dopt-008bcc68",
            "enable_classiclink": null,
            "enable_classiclink_dns_support": null,
            "enable_dns_hostnames": false,
            "enable_dns_support": true,
            "id": "vpc-0649860cbbd02c12f",
            "instance_tenancy": "default",
            "ipv6_association_id": "",
            "ipv6_cidr_block": "",
            "main_route_table_id": "rtb-0a336359a24c7002a",
            "owner_id": "936026591534",
            "tags": null,
            "tags_all": {}
          },
          "sensitive_attributes": [],
          "private": "eyJzY2hlbWFfdmVyc2lvbiI6IjEifQ=="
        }
      ]
    }
  ]
}
